
Microsoft Visual Studio Solution File, Format Version 12.00
# Visual Studio Version 16
VisualStudioVersion = 16.0.33214.272
MinimumVisualStudioVersion = 10.0.40219.1
Project("{FAE04EC0-301F-11D3-BF4B-00C04F79EFBC}") = "Mission9_twoodru8", "Mission9_twoodru8\Mission9_twoodru8.csproj", "{3D1E6845-EBDD-45C7-BC75-B48FEBDC84A8}"
EndProject
Global
	GlobalSection(SolutionConfigurationPlatforms) = preSolution
		Debug|Any CPU = Debug|Any CPU
		Release|Any CPU = Release|Any CPU
	EndGlobalSection
	GlobalSection(ProjectConfigurationPlatforms) = postSolution
		{3D1E6845-EBDD-45C7-BC75-B48FEBDC84A8}.Debug|Any CPU.ActiveCfg = Debug|Any CPU
		{3D1E6845-EBDD-45C7-BC75-B48FEBDC84A8}.Debug|Any CPU.Build.0 = Debug|Any CPU
		{3D1E6845-EBDD-45C7-BC75-B48FEBDC84A8}.Release|Any CPU.ActiveCfg = Release|Any CPU
		{3D1E6845-EBDD-45C7-BC75-B48FEBDC84A8}.Release|Any CPU.Build.0 = Release|Any CPU
	EndGlobalSection
	GlobalSection(SolutionProperties) = preSolution
		HideSolutionNode = FALSE
	EndGlobalSection
	GlobalSection(ExtensibilityGlobals) = postSolution
		SolutionGuid = {29FE4D57-BF2E-4973-8962-EB54F2348C19}
	EndGlobalSection
EndGlobal
